// !$*UTF8*$!
{
	archiveVersion = 1;
	classes = {
	};
	objectVersion = 48;
	objects = {

/* Begin PBXBuildFile section */
		D81DA0F41FA80EA60017E760 /* AppDelegate.swift in Sources */ = {isa = PBXBuildFile; fileRef = D81DA0F31FA80EA60017E760 /* AppDelegate.swift */; };
		D81DA0F61FA80EA60017E760 /* YFMessageViewController.swift in Sources */ = {isa = PBXBuildFile; fileRef = D81DA0F51FA80EA60017E760 /* YFMessageViewController.swift */; };
		D81DA0FB1FA80EA60017E760 /* Assets.xcassets in Resources */ = {isa = PBXBuildFile; fileRef = D81DA0FA1FA80EA60017E760 /* Assets.xcassets */; };
		D81DA0FE1FA80EA60017E760 /* LaunchScreen.storyboard in Resources */ = {isa = PBXBuildFile; fileRef = D81DA0FC1FA80EA60017E760 /* LaunchScreen.storyboard */; };
		D81DA1061FA8103C0017E760 /* YFTabBarViewController.swift in Sources */ = {isa = PBXBuildFile; fileRef = D81DA1051FA8103C0017E760 /* YFTabBarViewController.swift */; };
		D81DA1081FA810850017E760 /* YFFriendsViewController.swift in Sources */ = {isa = PBXBuildFile; fileRef = D81DA1071FA810850017E760 /* YFFriendsViewController.swift */; };
		D81DA10A1FA810B70017E760 /* YFNavigationViewController.swift in Sources */ = {isa = PBXBuildFile; fileRef = D81DA1091FA810B70017E760 /* YFNavigationViewController.swift */; };
		D81DA10C1FA81E7C0017E760 /* UIColor+YF.swift in Sources */ = {isa = PBXBuildFile; fileRef = D81DA10B1FA81E7C0017E760 /* UIColor+YF.swift */; };
		D81DA1111FA825350017E760 /* YFMessageTableViewCell.swift in Sources */ = {isa = PBXBuildFile; fileRef = D81DA1101FA825350017E760 /* YFMessageTableViewCell.swift */; };
		D81DA1131FA8257E0017E760 /* UIScreen+YF.swift in Sources */ = {isa = PBXBuildFile; fileRef = D81DA1121FA8257E0017E760 /* UIScreen+YF.swift */; };
		D81DA1151FA8536F0017E760 /* YFMessageModel.swift in Sources */ = {isa = PBXBuildFile; fileRef = D81DA1141FA8536F0017E760 /* YFMessageModel.swift */; };
		D81DA1171FA85E0C0017E760 /* UILabel+YF.swift in Sources */ = {isa = PBXBuildFile; fileRef = D81DA1161FA85E0C0017E760 /* UILabel+YF.swift */; };
		D81DA1191FA85E620017E760 /* String+YF.swift in Sources */ = {isa = PBXBuildFile; fileRef = D81DA1181FA85E620017E760 /* String+YF.swift */; };
		D81DA11C1FA8670F0017E760 /* YFSessionViewController.swift in Sources */ = {isa = PBXBuildFile; fileRef = D81DA11B1FA8670F0017E760 /* YFSessionViewController.swift */; };
		D81DA11F1FA8682D0017E760 /* YFTextSessionCell.swift in Sources */ = {isa = PBXBuildFile; fileRef = D81DA11E1FA8682D0017E760 /* YFTextSessionCell.swift */; };
		D85669851FA9D32B008BA27B /* YFInputView.swift in Sources */ = {isa = PBXBuildFile; fileRef = D85669841FA9D32B008BA27B /* YFInputView.swift */; };
		D85AFAB71FA964090051C698 /* YFSessionModel.swift in Sources */ = {isa = PBXBuildFile; fileRef = D85AFAB61FA964090051C698 /* YFSessionModel.swift */; };
		D85AFAB91FA967B40051C698 /* YFSessionCellModel.swift in Sources */ = {isa = PBXBuildFile; fileRef = D85AFAB81FA967B40051C698 /* YFSessionCellModel.swift */; };
		D85AFABB1FA96B340051C698 /* YFImageSessionCell.swift in Sources */ = {isa = PBXBuildFile; fileRef = D85AFABA1FA96B340051C698 /* YFImageSessionCell.swift */; };
		D85AFABD1FA96B500051C698 /* YFVoiceSessionCell.swift in Sources */ = {isa = PBXBuildFile; fileRef = D85AFABC1FA96B500051C698 /* YFVoiceSessionCell.swift */; };
		D88D03E71FAB0D3A00D233EA /* YFMoreBtnView.swift in Sources */ = {isa = PBXBuildFile; fileRef = D88D03E61FAB0D3A00D233EA /* YFMoreBtnView.swift */; };
		D88D03E91FAB0E1600D233EA /* YFButton.swift in Sources */ = {isa = PBXBuildFile; fileRef = D88D03E81FAB0E1600D233EA /* YFButton.swift */; };
/* End PBXBuildFile section */

/* Begin PBXFileReference section */
		D81DA0F01FA80EA60017E760 /* StarsSwift.app */ = {isa = PBXFileReference; explicitFileType = wrapper.application; includeInIndex = 0; path = StarsSwift.app; sourceTree = BUILT_PRODUCTS_DIR; };
		D81DA0F31FA80EA60017E760 /* AppDelegate.swift */ = {isa = PBXFileReference; lastKnownFileType = sourcecode.swift; path = AppDelegate.swift; sourceTree = "<group>"; };
		D81DA0F51FA80EA60017E760 /* YFMessageViewController.swift */ = {isa = PBXFileReference; lastKnownFileType = sourcecode.swift; path = YFMessageViewController.swift; sourceTree = "<group>"; };
		D81DA0FA1FA80EA60017E760 /* Assets.xcassets */ = {isa = PBXFileReference; lastKnownFileType = folder.assetcatalog; path = Assets.xcassets; sourceTree = "<group>"; };
		D81DA0FD1FA80EA60017E760 /* Base */ = {isa = PBXFileReference; lastKnownFileType = file.storyboard; name = Base; path = Base.lproj/LaunchScreen.storyboard; sourceTree = "<group>"; };
		D81DA0FF1FA80EA60017E760 /* Info.plist */ = {isa = PBXFileReference; lastKnownFileType = text.plist.xml; path = Info.plist; sourceTree = "<group>"; };
		D81DA1051FA8103C0017E760 /* YFTabBarViewController.swift */ = {isa = PBXFileReference; lastKnownFileType = sourcecode.swift; path = YFTabBarViewController.swift; sourceTree = "<group>"; };
		D81DA1071FA810850017E760 /* YFFriendsViewController.swift */ = {isa = PBXFileReference; lastKnownFileType = sourcecode.swift; path = YFFriendsViewController.swift; sourceTree = "<group>"; };
		D81DA1091FA810B70017E760 /* YFNavigationViewController.swift */ = {isa = PBXFileReference; lastKnownFileType = sourcecode.swift; path = YFNavigationViewController.swift; sourceTree = "<group>"; };
		D81DA10B1FA81E7C0017E760 /* UIColor+YF.swift */ = {isa = PBXFileReference; lastKnownFileType = sourcecode.swift; path = "UIColor+YF.swift"; sourceTree = "<group>"; };
		D81DA1101FA825350017E760 /* YFMessageTableViewCell.swift */ = {isa = PBXFileReference; lastKnownFileType = sourcecode.swift; path = YFMessageTableViewCell.swift; sourceTree = "<group>"; };
		D81DA1121FA8257E0017E760 /* UIScreen+YF.swift */ = {isa = PBXFileReference; lastKnownFileType = sourcecode.swift; path = "UIScreen+YF.swift"; sourceTree = "<group>"; };
		D81DA1141FA8536F0017E760 /* YFMessageModel.swift */ = {isa = PBXFileReference; lastKnownFileType = sourcecode.swift; path = YFMessageModel.swift; sourceTree = "<group>"; };
		D81DA1161FA85E0C0017E760 /* UILabel+YF.swift */ = {isa = PBXFileReference; lastKnownFileType = sourcecode.swift; path = "UILabel+YF.swift"; sourceTree = "<group>"; };
		D81DA1181FA85E620017E760 /* String+YF.swift */ = {isa = PBXFileReference; lastKnownFileType = sourcecode.swift; path = "String+YF.swift"; sourceTree = "<group>"; };
		D81DA11B1FA8670F0017E760 /* YFSessionViewController.swift */ = {isa = PBXFileReference; lastKnownFileType = sourcecode.swift; path = YFSessionViewController.swift; sourceTree = "<group>"; };
		D81DA11E1FA8682D0017E760 /* YFTextSessionCell.swift */ = {isa = PBXFileReference; lastKnownFileType = sourcecode.swift; path = YFTextSessionCell.swift; sourceTree = "<group>"; };
		D85669841FA9D32B008BA27B /* YFInputView.swift */ = {isa = PBXFileReference; lastKnownFileType = sourcecode.swift; path = YFInputView.swift; sourceTree = "<group>"; };
		D85AFAB61FA964090051C698 /* YFSessionModel.swift */ = {isa = PBXFileReference; lastKnownFileType = sourcecode.swift; path = YFSessionModel.swift; sourceTree = "<group>"; };
		D85AFAB81FA967B40051C698 /* YFSessionCellModel.swift */ = {isa = PBXFileReference; lastKnownFileType = sourcecode.swift; path = YFSessionCellModel.swift; sourceTree = "<group>"; };
		D85AFABA1FA96B340051C698 /* YFImageSessionCell.swift */ = {isa = PBXFileReference; lastKnownFileType = sourcecode.swift; path = YFImageSessionCell.swift; sourceTree = "<group>"; };
		D85AFABC1FA96B500051C698 /* YFVoiceSessionCell.swift */ = {isa = PBXFileReference; lastKnownFileType = sourcecode.swift; path = YFVoiceSessionCell.swift; sourceTree = "<group>"; };
		D88D03E61FAB0D3A00D233EA /* YFMoreBtnView.swift */ = {isa = PBXFileReference; lastKnownFileType = sourcecode.swift; path = YFMoreBtnView.swift; sourceTree = "<group>"; };
		D88D03E81FAB0E1600D233EA /* YFButton.swift */ = {isa = PBXFileReference; lastKnownFileType = sourcecode.swift; path = YFButton.swift; sourceTree = "<group>"; };
/* End PBXFileReference section */

/* Begin PBXFrameworksBuildPhase section */
		D81DA0ED1FA80EA60017E760 /* Frameworks */ = {
			isa = PBXFrameworksBuildPhase;
			buildActionMask = 2147483647;
			files = (
			);
			runOnlyForDeploymentPostprocessing = 0;
		};
/* End PBXFrameworksBuildPhase section */

/* Begin PBXGroup section */
		D81DA0E71FA80EA60017E760 = {
			isa = PBXGroup;
			children = (
				D81DA0F21FA80EA60017E760 /* StarsSwift */,
				D81DA0F11FA80EA60017E760 /* Products */,
			);
			sourceTree = "<group>";
		};
		D81DA0F11FA80EA60017E760 /* Products */ = {
			isa = PBXGroup;
			children = (
				D81DA0F01FA80EA60017E760 /* StarsSwift.app */,
			);
			name = Products;
			sourceTree = "<group>";
		};
		D81DA0F21FA80EA60017E760 /* StarsSwift */ = {
			isa = PBXGroup;
			children = (
				D81DA11D1FA8676B0017E760 /* YFTool */,
				D81DA10D1FA824CE0017E760 /* 项目 */,
				D81DA0F31FA80EA60017E760 /* AppDelegate.swift */,
				D81DA1051FA8103C0017E760 /* YFTabBarViewController.swift */,
				D81DA1091FA810B70017E760 /* YFNavigationViewController.swift */,
				D81DA0FA1FA80EA60017E760 /* Assets.xcassets */,
				D81DA0FC1FA80EA60017E760 /* LaunchScreen.storyboard */,
				D81DA0FF1FA80EA60017E760 /* Info.plist */,
			);
			path = StarsSwift;
			sourceTree = "<group>";
		};
		D81DA10D1FA824CE0017E760 /* 项目 */ = {
			isa = PBXGroup;
			children = (
				D81DA10F1FA824EB0017E760 /* 消息 */,
				D81DA10E1FA824E10017E760 /* 好友 */,
			);
			path = "项目";
			sourceTree = "<group>";
		};
		D81DA10E1FA824E10017E760 /* 好友 */ = {
			isa = PBXGroup;
			children = (
				D81DA1071FA810850017E760 /* YFFriendsViewController.swift */,
			);
			path = "好友";
			sourceTree = "<group>";
		};
		D81DA10F1FA824EB0017E760 /* 消息 */ = {
			isa = PBXGroup;
			children = (
				D81DA11A1FA866B70017E760 /* 会话 */,
				D81DA0F51FA80EA60017E760 /* YFMessageViewController.swift */,
				D81DA1141FA8536F0017E760 /* YFMessageModel.swift */,
				D81DA1101FA825350017E760 /* YFMessageTableViewCell.swift */,
			);
			path = "消息";
			sourceTree = "<group>";
		};
		D81DA11A1FA866B70017E760 /* 会话 */ = {
			isa = PBXGroup;
			children = (
				D81DA11B1FA8670F0017E760 /* YFSessionViewController.swift */,
				D85AFABC1FA96B500051C698 /* YFVoiceSessionCell.swift */,
				D85AFABA1FA96B340051C698 /* YFImageSessionCell.swift */,
				D81DA11E1FA8682D0017E760 /* YFTextSessionCell.swift */,
				D85AFAB61FA964090051C698 /* YFSessionModel.swift */,
				D85AFAB81FA967B40051C698 /* YFSessionCellModel.swift */,
			);
			path = "会话";
			sourceTree = "<group>";
		};
		D81DA11D1FA8676B0017E760 /* YFTool */ = {
			isa = PBXGroup;
			children = (
				D88D03E51FAB0B7F00D233EA /* YFKeyBoard */,
				D81DA1181FA85E620017E760 /* String+YF.swift */,
				D81DA1161FA85E0C0017E760 /* UILabel+YF.swift */,
				D81DA1121FA8257E0017E760 /* UIScreen+YF.swift */,
				D81DA10B1FA81E7C0017E760 /* UIColor+YF.swift */,
			);
			path = YFTool;
			sourceTree = "<group>";
		};
		D88D03E51FAB0B7F00D233EA /* YFKeyBoard */ = {
			isa = PBXGroup;
			children = (
				D85669841FA9D32B008BA27B /* YFInputView.swift */,
				D88D03E81FAB0E1600D233EA /* YFButton.swift */,
				D88D03E61FAB0D3A00D233EA /* YFMoreBtnView.swift */,
			);
			path = YFKeyBoard;
			sourceTree = "<group>";
		};
/* End PBXGroup section */

/* Begin PBXNativeTarget section */
		D81DA0EF1FA80EA60017E760 /* StarsSwift */ = {
			isa = PBXNativeTarget;
			buildConfigurationList = D81DA1021FA80EA60017E760 /* Build configuration list for PBXNativeTarget "StarsSwift" */;
			buildPhases = (
				D81DA0EC1FA80EA60017E760 /* Sources */,
				D81DA0ED1FA80EA60017E760 /* Frameworks */,
				D81DA0EE1FA80EA60017E760 /* Resources */,
			);
			buildRules = (
			);
			dependencies = (
			);
			name = StarsSwift;
			productName = StarsSwift;
			productReference = D81DA0F01FA80EA60017E760 /* StarsSwift.app */;
			productType = "com.apple.product-type.application";
		};
/* End PBXNativeTarget section */

/* Begin PBXProject section */
		D81DA0E81FA80EA60017E760 /* Project object */ = {
			isa = PBXProject;
			attributes = {
				CLASSPREFIX = YF;
				LastSwiftUpdateCheck = 0900;
				LastUpgradeCheck = 0900;
				ORGANIZATIONNAME = "李永飞";
				TargetAttributes = {
					D81DA0EF1FA80EA60017E760 = {
						CreatedOnToolsVersion = 9.0;
						ProvisioningStyle = Automatic;
					};
				};
			};
			buildConfigurationList = D81DA0EB1FA80EA60017E760 /* Build configuration list for PBXProject "StarsSwift" */;
			compatibilityVersion = "Xcode 8.0";
			developmentRegion = en;
			hasScannedForEncodings = 0;
			knownRegions = (
				en,
				Base,
			);
			mainGroup = D81DA0E71FA80EA60017E760;
			productRefGroup = D81DA0F11FA80EA60017E760 /* Products */;
			projectDirPath = "";
			projectRoot = "";
			targets = (
				D81DA0EF1FA80EA60017E760 /* StarsSwift */,
			);
		};
/* End PBXProject section */

/* Begin PBXResourcesBuildPhase section */
		D81DA0EE1FA80EA60017E760 /* Resources */ = {
			isa = PBXResourcesBuildPhase;
			buildActionMask = 2147483647;
			files = (
				D81DA0FE1FA80EA60017E760 /* LaunchScreen.storyboard in Resources */,
				D81DA0FB1FA80EA60017E760 /* Assets.xcassets in Resources */,
			);
			runOnlyForDeploymentPostprocessing = 0;
		};
/* End PBXResourcesBuildPhase section */

/* Begin PBXSourcesBuildPhase section */
		D81DA0EC1FA80EA60017E760 /* Sources */ = {
			isa = PBXSourcesBuildPhase;
			buildActionMask = 2147483647;
			files = (
				D88D03E91FAB0E1600D233EA /* YFButton.swift in Sources */,
				D81DA10C1FA81E7C0017E760 /* UIColor+YF.swift in Sources */,
				D81DA1111FA825350017E760 /* YFMessageTableViewCell.swift in Sources */,
				D81DA11C1FA8670F0017E760 /* YFSessionViewController.swift in Sources */,
				D81DA11F1FA8682D0017E760 /* YFTextSessionCell.swift in Sources */,
				D85669851FA9D32B008BA27B /* YFInputView.swift in Sources */,
				D85AFAB91FA967B40051C698 /* YFSessionCellModel.swift in Sources */,
				D81DA0F61FA80EA60017E760 /* YFMessageViewController.swift in Sources */,
				D81DA10A1FA810B70017E760 /* YFNavigationViewController.swift in Sources */,
				D88D03E71FAB0D3A00D233EA /* YFMoreBtnView.swift in Sources */,
				D81DA1151FA8536F0017E760 /* YFMessageModel.swift in Sources */,
				D81DA1171FA85E0C0017E760 /* UILabel+YF.swift in Sources */,
				D85AFABD1FA96B500051C698 /* YFVoiceSessionCell.swift in Sources */,
				D85AFABB1FA96B340051C698 /* YFImageSessionCell.swift in Sources */,
				D81DA1131FA8257E0017E760 /* UIScreen+YF.swift in Sources */,
				D81DA1081FA810850017E760 /* YFFriendsViewController.swift in Sources */,
				D81DA0F41FA80EA60017E760 /* AppDelegate.swift in Sources */,
				D85AFAB71FA964090051C698 /* YFSessionModel.swift in Sources */,
				D81DA1061FA8103C0017E760 /* YFTabBarViewController.swift in Sources */,
				D81DA1191FA85E620017E760 /* String+YF.swift in Sources */,
			);
			runOnlyForDeploymentPostprocessing = 0;
		};
/* End PBXSourcesBuildPhase section */

/* Begin PBXVariantGroup section */
		D81DA0FC1FA80EA60017E760 /* LaunchScreen.storyboard */ = {
			isa = PBXVariantGroup;
			children = (
				D81DA0FD1FA80EA60017E760 /* Base */,
			);
			name = LaunchScreen.storyboard;
			sourceTree = "<group>";
		};
/* End PBXVariantGroup section */

/* Begin XCBuildConfiguration section */
		D81DA1001FA80EA60017E760 /* Debug */ = {
			isa = XCBuildConfiguration;
			buildSettings = {
				ALWAYS_SEARCH_USER_PATHS = NO;
				CLANG_ANALYZER_NONNULL = YES;
				CLANG_ANALYZER_NUMBER_OBJECT_CONVERSION = YES_AGGRESSIVE;
				CLANG_CXX_LANGUAGE_STANDARD = "gnu++14";
				CLANG_CXX_LIBRARY = "libc++";
				CLANG_ENABLE_MODULES = YES;
				CLANG_ENABLE_OBJC_ARC = YES;
				CLANG_WARN_BLOCK_CAPTURE_AUTORELEASING = YES;
				CLANG_WARN_BOOL_CONVERSION = YES;
				CLANG_WARN_COMMA = YES;
				CLANG_WARN_CONSTANT_CONVERSION = YES;
				CLANG_WARN_DIRECT_OBJC_ISA_USAGE = YES_ERROR;
				CLANG_WARN_DOCUMENTATION_COMMENTS = YES;
				CLANG_WARN_EMPTY_BODY = YES;
				CLANG_WARN_ENUM_CONVERSION = YES;
				CLANG_WARN_INFINITE_RECURSION = YES;
				CLANG_WARN_INT_CONVERSION = YES;
				CLANG_WARN_NON_LITERAL_NULL_CONVERSION = YES;
				CLANG_WARN_OBJC_LITERAL_CONVERSION = YES;
				CLANG_WARN_OBJC_ROOT_CLASS = YES_ERROR;
				CLANG_WARN_RANGE_LOOP_ANALYSIS = YES;
				CLANG_WARN_STRICT_PROTOTYPES = YES;
				CLANG_WARN_SUSPICIOUS_MOVE = YES;
				CLANG_WARN_UNGUARDED_AVAILABILITY = YES_AGGRESSIVE;
				CLANG_WARN_UNREACHABLE_CODE = YES;
				CLANG_WARN__DUPLICATE_METHOD_MATCH = YES;
				CODE_SIGN_IDENTITY = "iPhone Developer";
				COPY_PHASE_STRIP = NO;
				DEBUG_INFORMATION_FORMAT = dwarf;
				ENABLE_STRICT_OBJC_MSGSEND = YES;
				ENABLE_TESTABILITY = YES;
				GCC_C_LANGUAGE_STANDARD = gnu11;
				GCC_DYNAMIC_NO_PIC = NO;
				GCC_NO_COMMON_BLOCKS = YES;
				GCC_OPTIMIZATION_LEVEL = 0;
				GCC_PREPROCESSOR_DEFINITIONS = (
					"DEBUG=1",
					"$(inherited)",
				);
				GCC_WARN_64_TO_32_BIT_CONVERSION = YES;
				GCC_WARN_ABOUT_RETURN_TYPE = YES_ERROR;
				GCC_WARN_UNDECLARED_SELECTOR = YES;
				GCC_WARN_UNINITIALIZED_AUTOS = YES_AGGRESSIVE;
				GCC_WARN_UNUSED_FUNCTION = YES;
				GCC_WARN_UNUSED_VARIABLE = YES;
				IPHONEOS_DEPLOYMENT_TARGET = 11.0;
				MTL_ENABLE_DEBUG_INFO = YES;
				ONLY_ACTIVE_ARCH = YES;
				SDKROOT = iphoneos;
				SWIFT_ACTIVE_COMPILATION_CONDITIONS = DEBUG;
				SWIFT_OPTIMIZATION_LEVEL = "-Onone";
			};
			name = Debug;
		};
		D81DA1011FA80EA60017E760 /* Release */ = {
			isa = XCBuildConfiguration;
			buildSettings = {
				ALWAYS_SEARCH_USER_PATHS = NO;
				CLANG_ANALYZER_NONNULL = YES;
				CLANG_ANALYZER_NUMBER_OBJECT_CONVERSION = YES_AGGRESSIVE;
				CLANG_CXX_LANGUAGE_STANDARD = "gnu++14";
				CLANG_CXX_LIBRARY = "libc++";
				CLANG_ENABLE_MODULES = YES;
				CLANG_ENABLE_OBJC_ARC = YES;
				CLANG_WARN_BLOCK_CAPTURE_AUTORELEASING = YES;
				CLANG_WARN_BOOL_CONVERSION = YES;
				CLANG_WARN_COMMA = YES;
				CLANG_WARN_CONSTANT_CONVERSION = YES;
				CLANG_WARN_DIRECT_OBJC_ISA_USAGE = YES_ERROR;
				CLANG_WARN_DOCUMENTATION_COMMENTS = YES;
				CLANG_WARN_EMPTY_BODY = YES;
				CLANG_WARN_ENUM_CONVERSION = YES;
				CLANG_WARN_INFINITE_RECURSION = YES;
				CLANG_WARN_INT_CONVERSION = YES;
				CLANG_WARN_NON_LITERAL_NULL_CONVERSION = YES;
				CLANG_WARN_OBJC_LITERAL_CONVERSION = YES;
				CLANG_WARN_OBJC_ROOT_CLASS = YES_ERROR;
				CLANG_WARN_RANGE_LOOP_ANALYSIS = YES;
				CLANG_WARN_STRICT_PROTOTYPES = YES;
				CLANG_WARN_SUSPICIOUS_MOVE = YES;
				CLANG_WARN_UNGUARDED_AVAILABILITY = YES_AGGRESSIVE;
				CLANG_WARN_UNREACHABLE_CODE = YES;
				CLANG_WARN__DUPLICATE_METHOD_MATCH = YES;
				CODE_SIGN_IDENTITY = "iPhone Developer";
				COPY_PHASE_STRIP = NO;
				DEBUG_INFORMATION_FORMAT = "dwarf-with-dsym";
				ENABLE_NS_ASSERTIONS = NO;
				ENABLE_STRICT_OBJC_MSGSEND = YES;
				GCC_C_LANGUAGE_STANDARD = gnu11;
				GCC_NO_COMMON_BLOCKS = YES;
				GCC_WARN_64_TO_32_BIT_CONVERSION = YES;
				GCC_WARN_ABOUT_RETURN_TYPE = YES_ERROR;
				GCC_WARN_UNDECLARED_SELECTOR = YES;
				GCC_WARN_UNINITIALIZED_AUTOS = YES_AGGRESSIVE;
				GCC_WARN_UNUSED_FUNCTION = YES;
				GCC_WARN_UNUSED_VARIABLE = YES;
				IPHONEOS_DEPLOYMENT_TARGET = 11.0;
				MTL_ENABLE_DEBUG_INFO = NO;
				SDKROOT = iphoneos;
				SWIFT_OPTIMIZATION_LEVEL = "-Owholemodule";
				VALIDATE_PRODUCT = YES;
			};
			name = Release;
		};
		D81DA1031FA80EA60017E760 /* Debug */ = {
			isa = XCBuildConfiguration;
			buildSettings = {
				ASSETCATALOG_COMPILER_APPICON_NAME = AppIcon;
				CODE_SIGN_STYLE = Automatic;
				INFOPLIST_FILE = StarsSwift/Info.plist;
				IPHONEOS_DEPLOYMENT_TARGET = 9.0;
				LD_RUNPATH_SEARCH_PATHS = "$(inherited) @executable_path/Frameworks";
				PRODUCT_BUNDLE_IDENTIFIER = com.yf.StarsSwift;
				PRODUCT_NAME = "$(TARGET_NAME)";
				SWIFT_VERSION = 4.0;
				TARGETED_DEVICE_FAMILY = 1;
			};
			name = Debug;
		};
		D81DA1041FA80EA60017E760 /* Release */ = {
			isa = XCBuildConfiguration;
			buildSettings = {
				ASSETCATALOG_COMPILER_APPICON_NAME = AppIcon;
				CODE_SIGN_STYLE = Automatic;
				INFOPLIST_FILE = StarsSwift/Info.plist;
				IPHONEOS_DEPLOYMENT_TARGET = 9.0;
				LD_RUNPATH_SEARCH_PATHS = "$(inherited) @executable_path/Frameworks";
				PRODUCT_BUNDLE_IDENTIFIER = com.yf.StarsSwift;
				PRODUCT_NAME = "$(TARGET_NAME)";
				SWIFT_VERSION = 4.0;
				TARGETED_DEVICE_FAMILY = 1;
			};
			name = Release;
		};
/* End XCBuildConfiguration section */

/* Begin XCConfigurationList section */
		D81DA0EB1FA80EA60017E760 /* Build configuration list for PBXProject "StarsSwift" */ = {
			isa = XCConfigurationList;
			buildConfigurations = (
				D81DA1001FA80EA60017E760 /* Debug */,
				D81DA1011FA80EA60017E760 /* Release */,
			);
			defaultConfigurationIsVisible = 0;
			defaultConfigurationName = Release;
		};
		D81DA1021FA80EA60017E760 /* Build configuration list for PBXNativeTarget "StarsSwift" */ = {
			isa = XCConfigurationList;
			buildConfigurations = (
				D81DA1031FA80EA60017E760 /* Debug */,
				D81DA1041FA80EA60017E760 /* Release */,
			);
			defaultConfigurationIsVisible = 0;
			defaultConfigurationName = Release;
		};
/* End XCConfigurationList section */
	};
	rootObject = D81DA0E81FA80EA60017E760 /* Project object */;
}
